
Microsoft Visual Studio Solution File, Format Version 12.00
# Visual Studio Version 16
VisualStudioVersion = 16.0.29409.12
MinimumVisualStudioVersion = 10.0.40219.1
Project("{9A19103F-16F7-4668-BE54-9A1E7A4F7556}") = "CompanyRecords", "CompanyRecords\CompanyRecords.csproj", "{3D073FBA-831B-4E07-9C52-3575CC7A9C54}"
EndProject
Project("{9A19103F-16F7-4668-BE54-9A1E7A4F7556}") = "DataAccess", "DataAccess\DataAccess.csproj", "{723387A6-5B35-4449-A79A-82A1844012C3}"
EndProject
Project("{9A19103F-16F7-4668-BE54-9A1E7A4F7556}") = "Services", "Services\Services.csproj", "{FDD9AEF5-D1E9-4E72-AB07-559164EF6AC3}"
EndProject
Project("{FAE04EC0-301F-11D3-BF4B-00C04F79EFBC}") = "CompanyRecordsTests", "CompanyRecordsTests\CompanyRecordsTests.csproj", "{B74DFFC0-8DC2-4A19-B299-D4ED0D44A82F}"
EndProject
Global
	GlobalSection(SolutionConfigurationPlatforms) = preSolution
		Debug|Any CPU = Debug|Any CPU
		Release|Any CPU = Release|Any CPU
	EndGlobalSection
	GlobalSection(ProjectConfigurationPlatforms) = postSolution
		{3D073FBA-831B-4E07-9C52-3575CC7A9C54}.Debug|Any CPU.ActiveCfg = Debug|Any CPU
		{3D073FBA-831B-4E07-9C52-3575CC7A9C54}.Debug|Any CPU.Build.0 = Debug|Any CPU
		{3D073FBA-831B-4E07-9C52-3575CC7A9C54}.Release|Any CPU.ActiveCfg = Release|Any CPU
		{3D073FBA-831B-4E07-9C52-3575CC7A9C54}.Release|Any CPU.Build.0 = Release|Any CPU
		{723387A6-5B35-4449-A79A-82A1844012C3}.Debug|Any CPU.ActiveCfg = Debug|Any CPU
		{723387A6-5B35-4449-A79A-82A1844012C3}.Debug|Any CPU.Build.0 = Debug|Any CPU
		{723387A6-5B35-4449-A79A-82A1844012C3}.Release|Any CPU.ActiveCfg = Release|Any CPU
		{723387A6-5B35-4449-A79A-82A1844012C3}.Release|Any CPU.Build.0 = Release|Any CPU
		{FDD9AEF5-D1E9-4E72-AB07-559164EF6AC3}.Debug|Any CPU.ActiveCfg = Debug|Any CPU
		{FDD9AEF5-D1E9-4E72-AB07-559164EF6AC3}.Debug|Any CPU.Build.0 = Debug|Any CPU
		{FDD9AEF5-D1E9-4E72-AB07-559164EF6AC3}.Release|Any CPU.ActiveCfg = Release|Any CPU
		{FDD9AEF5-D1E9-4E72-AB07-559164EF6AC3}.Release|Any CPU.Build.0 = Release|Any CPU
		{B74DFFC0-8DC2-4A19-B299-D4ED0D44A82F}.Debug|Any CPU.ActiveCfg = Debug|Any CPU
		{B74DFFC0-8DC2-4A19-B299-D4ED0D44A82F}.Debug|Any CPU.Build.0 = Debug|Any CPU
		{B74DFFC0-8DC2-4A19-B299-D4ED0D44A82F}.Release|Any CPU.ActiveCfg = Release|Any CPU
		{B74DFFC0-8DC2-4A19-B299-D4ED0D44A82F}.Release|Any CPU.Build.0 = Release|Any CPU
	EndGlobalSection
	GlobalSection(SolutionProperties) = preSolution
		HideSolutionNode = FALSE
	EndGlobalSection
	GlobalSection(ExtensibilityGlobals) = postSolution
		SolutionGuid = {D5177649-795A-4432-A105-0D1364FFAC3B}
	EndGlobalSection
EndGlobal
